// !$*UTF8*$!
{
	archiveVersion = 1;
	classes = {
	};
	objectVersion = 77;
	objects = {

/* Begin PBXContainerItemProxy section */
		EF8EB3D62E5D50C5004CA696 /* PBXContainerItemProxy */ = {
			isa = PBXContainerItemProxy;
			containerPortal = EF8EB3C02E5D50C3004CA696 /* Project object */;
			proxyType = 1;
			remoteGlobalIDString = EF8EB3C72E5D50C3004CA696;
			remoteInfo = Ithacround;
		};
		EF8EB3E02E5D50C5004CA696 /* PBXContainerItemProxy */ = {
			isa = PBXContainerItemProxy;
			containerPortal = EF8EB3C02E5D50C3004CA696 /* Project object */;
			proxyType = 1;
			remoteGlobalIDString = EF8EB3C72E5D50C3004CA696;
			remoteInfo = Ithacround;
		};
/* End PBXContainerItemProxy section */

/* Begin PBXFileReference section */
		EF8EB3C82E5D50C3004CA696 /* Ithacround.app */ = {isa = PBXFileReference; explicitFileType = wrapper.application; includeInIndex = 0; path = Ithacround.app; sourceTree = BUILT_PRODUCTS_DIR; };
		EF8EB3D52E5D50C5004CA696 /* IthacroundTests.xctest */ = {isa = PBXFileReference; explicitFileType = wrapper.cfbundle; includeInIndex = 0; path = IthacroundTests.xctest; sourceTree = BUILT_PRODUCTS_DIR; };
		EF8EB3DF2E5D50C5004CA696 /* IthacroundUITests.xctest */ = {isa = PBXFileReference; explicitFileType = wrapper.cfbundle; includeInIndex = 0; path = IthacroundUITests.xctest; sourceTree = BUILT_PRODUCTS_DIR; };
/* End PBXFileReference section */

/* Begin PBXFileSystemSynchronizedRootGroup section */
		EF8EB3CA2E5D50C3004CA696 /* Ithacround */ = {
			isa = PBXFileSystemSynchronizedRootGroup;
			path = Ithacround;
			sourceTree = "<group>";
		};
		EF8EB3D82E5D50C5004CA696 /* IthacroundTests */ = {
			isa = PBXFileSystemSynchronizedRootGroup;
			path = IthacroundTests;
			sourceTree = "<group>";
		};
		EF8EB3E22E5D50C5004CA696 /* IthacroundUITests */ = {
			isa = PBXFileSystemSynchronizedRootGroup;
			path = IthacroundUITests;
			sourceTree = "<group>";
		};
/* End PBXFileSystemSynchronizedRootGroup section */

/* Begin PBXFrameworksBuildPhase section */
		EF8EB3C52E5D50C3004CA696 /* Frameworks */ = {
			isa = PBXFrameworksBuildPhase;
			buildActionMask = 2147483647;
			files = (
			);
			runOnlyForDeploymentPostprocessing = 0;
		};
		EF8EB3D22E5D50C5004CA696 /* Frameworks */ = {
			isa = PBXFrameworksBuildPhase;
			buildActionMask = 2147483647;
			files = (
			);
			runOnlyForDeploymentPostprocessing = 0;
		};
		EF8EB3DC2E5D50C5004CA696 /* Frameworks */ = {
			isa = PBXFrameworksBuildPhase;
			buildActionMask = 2147483647;
			files = (
			);
			runOnlyForDeploymentPostprocessing = 0;
		};
/* End PBXFrameworksBuildPhase section */

/* Begin PBXGroup section */
		EF8EB3BF2E5D50C3004CA696 = {
			isa = PBXGroup;
			children = (
				EF8EB3CA2E5D50C3004CA696 /* Ithacround */,
				EF8EB3D82E5D50C5004CA696 /* IthacroundTests */,
				EF8EB3E22E5D50C5004CA696 /* IthacroundUITests */,
				EF8EB3C92E5D50C3004CA696 /* Products */,
			);
			sourceTree = "<group>";
		};
		EF8EB3C92E5D50C3004CA696 /* Products */ = {
			isa = PBXGroup;
			children = (
				EF8EB3C82E5D50C3004CA696 /* Ithacround.app */,
				EF8EB3D52E5D50C5004CA696 /* IthacroundTests.xctest */,
				EF8EB3DF2E5D50C5004CA696 /* IthacroundUITests.xctest */,
			);
			name = Products;
			sourceTree = "<group>";
		};
/* End PBXGroup section */

/* Begin PBXNativeTarget section */
		EF8EB3C72E5D50C3004CA696 /* Ithacround */ = {
			isa = PBXNativeTarget;
			buildConfigurationList = EF8EB3E92E5D50C5004CA696 /* Build configuration list for PBXNativeTarget "Ithacround" */;
			buildPhases = (
				EF8EB3C42E5D50C3004CA696 /* Sources */,
				EF8EB3C52E5D50C3004CA696 /* Frameworks */,
				EF8EB3C62E5D50C3004CA696 /* Resources */,
			);
			buildRules = (
			);
			dependencies = (
			);
			fileSystemSynchronizedGroups = (
				EF8EB3CA2E5D50C3004CA696 /* Ithacround */,
			);
			name = Ithacround;
			packageProductDependencies = (
			);
			productName = Ithacround;
			productReference = EF8EB3C82E5D50C3004CA696 /* Ithacround.app */;
			productType = "com.apple.product-type.application";
		};
		EF8EB3D42E5D50C5004CA696 /* IthacroundTests */ = {
			isa = PBXNativeTarget;
			buildConfigurationList = EF8EB3EC2E5D50C5004CA696 /* Build configuration list for PBXNativeTarget "IthacroundTests" */;
			buildPhases = (
				EF8EB3D12E5D50C5004CA696 /* Sources */,
				EF8EB3D22E5D50C5004CA696 /* Frameworks */,
				EF8EB3D32E5D50C5004CA696 /* Resources */,
			);
			buildRules = (
			);
			dependencies = (
				EF8EB3D72E5D50C5004CA696 /* PBXTargetDependency */,
			);
			fileSystemSynchronizedGroups = (
				EF8EB3D82E5D50C5004CA696 /* IthacroundTests */,
			);
			name = IthacroundTests;
			packageProductDependencies = (
			);
			productName = IthacroundTests;
			productReference = EF8EB3D52E5D50C5004CA696 /* IthacroundTests.xctest */;
			productType = "com.apple.product-type.bundle.unit-test";
		};
		EF8EB3DE2E5D50C5004CA696 /* IthacroundUITests */ = {
			isa = PBXNativeTarget;
			buildConfigurationList = EF8EB3EF2E5D50C5004CA696 /* Build configuration list for PBXNativeTarget "IthacroundUITests" */;
			buildPhases = (
				EF8EB3DB2E5D50C5004CA696 /* Sources */,
				EF8EB3DC2E5D50C5004CA696 /* Frameworks */,
				EF8EB3DD2E5D50C5004CA696 /* Resources */,
			);
			buildRules = (
			);
			dependencies = (
				EF8EB3E12E5D50C5004CA696 /* PBXTargetDependency */,
			);
			fileSystemSynchronizedGroups = (
				EF8EB3E22E5D50C5004CA696 /* IthacroundUITests */,
			);
			name = IthacroundUITests;
			packageProductDependencies = (
			);
			productName = IthacroundUITests;
			productReference = EF8EB3DF2E5D50C5004CA696 /* IthacroundUITests.xctest */;
			productType = "com.apple.product-type.bundle.ui-testing";
		};
/* End PBXNativeTarget section */

/* Begin PBXProject section */
		EF8EB3C02E5D50C3004CA696 /* Project object */ = {
			isa = PBXProject;
			attributes = {
				BuildIndependentTargetsInParallel = 1;
				LastSwiftUpdateCheck = 1640;
				LastUpgradeCheck = 1640;
				TargetAttributes = {
					EF8EB3C72E5D50C3004CA696 = {
						CreatedOnToolsVersion = 16.4;
					};
					EF8EB3D42E5D50C5004CA696 = {
						CreatedOnToolsVersion = 16.4;
						TestTargetID = EF8EB3C72E5D50C3004CA696;
					};
					EF8EB3DE2E5D50C5004CA696 = {
						CreatedOnToolsVersion = 16.4;
						TestTargetID = EF8EB3C72E5D50C3004CA696;
					};
				};
			};
			buildConfigurationList = EF8EB3C32E5D50C3004CA696 /* Build configuration list for PBXProject "Ithacround" */;
			developmentRegion = en;
			hasScannedForEncodings = 0;
			knownRegions = (
				en,
				Base,
			);
			mainGroup = EF8EB3BF2E5D50C3004CA696;
			minimizedProjectReferenceProxies = 1;
			preferredProjectObjectVersion = 77;
			productRefGroup = EF8EB3C92E5D50C3004CA696 /* Products */;
			projectDirPath = "";
			projectRoot = "";
			targets = (
				EF8EB3C72E5D50C3004CA696 /* Ithacround */,
				EF8EB3D42E5D50C5004CA696 /* IthacroundTests */,
				EF8EB3DE2E5D50C5004CA696 /* IthacroundUITests */,
			);
		};
/* End PBXProject section */

/* Begin PBXResourcesBuildPhase section */
		EF8EB3C62E5D50C3004CA696 /* Resources */ = {
			isa = PBXResourcesBuildPhase;
			buildActionMask = 2147483647;
			files = (
			);
			runOnlyForDeploymentPostprocessing = 0;
		};
		EF8EB3D32E5D50C5004CA696 /* Resources */ = {
			isa = PBXResourcesBuildPhase;
			buildActionMask = 2147483647;
			files = (
			);
			runOnlyForDeploymentPostprocessing = 0;
		};
		EF8EB3DD2E5D50C5004CA696 /* Resources */ = {
			isa = PBXResourcesBuildPhase;
			buildActionMask = 2147483647;
			files = (
			);
			runOnlyForDeploymentPostprocessing = 0;
		};
/* End PBXResourcesBuildPhase section */

/* Begin PBXSourcesBuildPhase section */
		EF8EB3C42E5D50C3004CA696 /* Sources */ = {
			isa = PBXSourcesBuildPhase;
			buildActionMask = 2147483647;
			files = (
			);
			runOnlyForDeploymentPostprocessing = 0;
		};
		EF8EB3D12E5D50C5004CA696 /* Sources */ = {
			isa = PBXSourcesBuildPhase;
			buildActionMask = 2147483647;
			files = (
			);
			runOnlyForDeploymentPostprocessing = 0;
		};
		EF8EB3DB2E5D50C5004CA696 /* Sources */ = {
			isa = PBXSourcesBuildPhase;
			buildActionMask = 2147483647;
			files = (
			);
			runOnlyForDeploymentPostprocessing = 0;
		};
/* End PBXSourcesBuildPhase section */

/* Begin PBXTargetDependency section */
		EF8EB3D72E5D50C5004CA696 /* PBXTargetDependency */ = {
			isa = PBXTargetDependency;
			target = EF8EB3C72E5D50C3004CA696 /* Ithacround */;
			targetProxy = EF8EB3D62E5D50C5004CA696 /* PBXContainerItemProxy */;
		};
		EF8EB3E12E5D50C5004CA696 /* PBXTargetDependency */ = {
			isa = PBXTargetDependency;
			target = EF8EB3C72E5D50C3004CA696 /* Ithacround */;
			targetProxy = EF8EB3E02E5D50C5004CA696 /* PBXContainerItemProxy */;
		};
/* End PBXTargetDependency section */

/* Begin XCBuildConfiguration section */
		EF8EB3E72E5D50C5004CA696 /* Debug */ = {
			isa = XCBuildConfiguration;
			buildSettings = {
				ALWAYS_SEARCH_USER_PATHS = NO;
				ASSETCATALOG_COMPILER_GENERATE_SWIFT_ASSET_SYMBOL_EXTENSIONS = YES;
				CLANG_ANALYZER_NONNULL = YES;
				CLANG_ANALYZER_NUMBER_OBJECT_CONVERSION = YES_AGGRESSIVE;
				CLANG_CXX_LANGUAGE_STANDARD = "gnu++20";
				CLANG_ENABLE_MODULES = YES;
				CLANG_ENABLE_OBJC_ARC = YES;
				CLANG_ENABLE_OBJC_WEAK = YES;
				CLANG_WARN_BLOCK_CAPTURE_AUTORELEASING = YES;
				CLANG_WARN_BOOL_CONVERSION = YES;
				CLANG_WARN_COMMA = YES;
				CLANG_WARN_CONSTANT_CONVERSION = YES;
				CLANG_WARN_DEPRECATED_OBJC_IMPLEMENTATIONS = YES;
				CLANG_WARN_DIRECT_OBJC_ISA_USAGE = YES_ERROR;
				CLANG_WARN_DOCUMENTATION_COMMENTS = YES;
				CLANG_WARN_EMPTY_BODY = YES;
				CLANG_WARN_ENUM_CONVERSION = YES;
				CLANG_WARN_INFINITE_RECURSION = YES;
				CLANG_WARN_INT_CONVERSION = YES;
				CLANG_WARN_NON_LITERAL_NULL_CONVERSION = YES;
				CLANG_WARN_OBJC_IMPLICIT_RETAIN_SELF = YES;
				CLANG_WARN_OBJC_LITERAL_CONVERSION = YES;
				CLANG_WARN_OBJC_ROOT_CLASS = YES_ERROR;
				CLANG_WARN_QUOTED_INCLUDE_IN_FRAMEWORK_HEADER = YES;
				CLANG_WARN_RANGE_LOOP_ANALYSIS = YES;
				CLANG_WARN_STRICT_PROTOTYPES = YES;
				CLANG_WARN_SUSPICIOUS_MOVE = YES;
				CLANG_WARN_UNGUARDED_AVAILABILITY = YES_AGGRESSIVE;
				CLANG_WARN_UNREACHABLE_CODE = YES;
				CLANG_WARN__DUPLICATE_METHOD_MATCH = YES;
				COPY_PHASE_STRIP = NO;
				DEBUG_INFORMATION_FORMAT = dwarf;
				DEVELOPMENT_TEAM = 3Z4LC5K3VP;
				ENABLE_STRICT_OBJC_MSGSEND = YES;
				ENABLE_TESTABILITY = YES;
				ENABLE_USER_SCRIPT_SANDBOXING = YES;
				GCC_C_LANGUAGE_STANDARD = gnu17;
				GCC_DYNAMIC_NO_PIC = NO;
				GCC_NO_COMMON_BLOCKS = YES;
				GCC_OPTIMIZATION_LEVEL = 0;
				GCC_PREPROCESSOR_DEFINITIONS = (
					"DEBUG=1",
					"$(inherited)",
				);
				GCC_WARN_64_TO_32_BIT_CONVERSION = YES;
				GCC_WARN_ABOUT_RETURN_TYPE = YES_ERROR;
				GCC_WARN_UNDECLARED_SELECTOR = YES;
				GCC_WARN_UNINITIALIZED_AUTOS = YES_AGGRESSIVE;
				GCC_WARN_UNUSED_FUNCTION = YES;
				GCC_WARN_UNUSED_VARIABLE = YES;
				IPHONEOS_DEPLOYMENT_TARGET = 18.5;
				LOCALIZATION_PREFERS_STRING_CATALOGS = YES;
				MTL_ENABLE_DEBUG_INFO = INCLUDE_SOURCE;
				MTL_FAST_MATH = YES;
				ONLY_ACTIVE_ARCH = YES;
				SDKROOT = iphoneos;
				SWIFT_ACTIVE_COMPILATION_CONDITIONS = "DEBUG $(inherited)";
				SWIFT_OPTIMIZATION_LEVEL = "-Onone";
			};
			name = Debug;
		};
		EF8EB3E82E5D50C5004CA696 /* Release */ = {
			isa = XCBuildConfiguration;
			buildSettings = {
				ALWAYS_SEARCH_USER_PATHS = NO;
				ASSETCATALOG_COMPILER_GENERATE_SWIFT_ASSET_SYMBOL_EXTENSIONS = YES;
				CLANG_ANALYZER_NONNULL = YES;
				CLANG_ANALYZER_NUMBER_OBJECT_CONVERSION = YES_AGGRESSIVE;
				CLANG_CXX_LANGUAGE_STANDARD = "gnu++20";
				CLANG_ENABLE_MODULES = YES;
				CLANG_ENABLE_OBJC_ARC = YES;
				CLANG_ENABLE_OBJC_WEAK = YES;
				CLANG_WARN_BLOCK_CAPTURE_AUTORELEASING = YES;
				CLANG_WARN_BOOL_CONVERSION = YES;
				CLANG_WARN_COMMA = YES;
				CLANG_WARN_CONSTANT_CONVERSION = YES;
				CLANG_WARN_DEPRECATED_OBJC_IMPLEMENTATIONS = YES;
				CLANG_WARN_DIRECT_OBJC_ISA_USAGE = YES_ERROR;
				CLANG_WARN_DOCUMENTATION_COMMENTS = YES;
				CLANG_WARN_EMPTY_BODY = YES;
				CLANG_WARN_ENUM_CONVERSION = YES;
				CLANG_WARN_INFINITE_RECURSION = YES;
				CLANG_WARN_INT_CONVERSION = YES;
				CLANG_WARN_NON_LITERAL_NULL_CONVERSION = YES;
				CLANG_WARN_OBJC_IMPLICIT_RETAIN_SELF = YES;
				CLANG_WARN_OBJC_LITERAL_CONVERSION = YES;
				CLANG_WARN_OBJC_ROOT_CLASS = YES_ERROR;
				CLANG_WARN_QUOTED_INCLUDE_IN_FRAMEWORK_HEADER = YES;
				CLANG_WARN_RANGE_LOOP_ANALYSIS = YES;
				CLANG_WARN_STRICT_PROTOTYPES = YES;
				CLANG_WARN_SUSPICIOUS_MOVE = YES;
				CLANG_WARN_UNGUARDED_AVAILABILITY = YES_AGGRESSIVE;
				CLANG_WARN_UNREACHABLE_CODE = YES;
				CLANG_WARN__DUPLICATE_METHOD_MATCH = YES;
				COPY_PHASE_STRIP = NO;
				DEBUG_INFORMATION_FORMAT = "dwarf-with-dsym";
				DEVELOPMENT_TEAM = 3Z4LC5K3VP;
				ENABLE_NS_ASSERTIONS = NO;
				ENABLE_STRICT_OBJC_MSGSEND = YES;
				ENABLE_USER_SCRIPT_SANDBOXING = YES;
				GCC_C_LANGUAGE_STANDARD = gnu17;
				GCC_NO_COMMON_BLOCKS = YES;
				GCC_WARN_64_TO_32_BIT_CONVERSION = YES;
				GCC_WARN_ABOUT_RETURN_TYPE = YES_ERROR;
				GCC_WARN_UNDECLARED_SELECTOR = YES;
				GCC_WARN_UNINITIALIZED_AUTOS = YES_AGGRESSIVE;
				GCC_WARN_UNUSED_FUNCTION = YES;
				GCC_WARN_UNUSED_VARIABLE = YES;
				IPHONEOS_DEPLOYMENT_TARGET = 18.5;
				LOCALIZATION_PREFERS_STRING_CATALOGS = YES;
				MTL_ENABLE_DEBUG_INFO = NO;
				MTL_FAST_MATH = YES;
				SDKROOT = iphoneos;
				SWIFT_COMPILATION_MODE = wholemodule;
				VALIDATE_PRODUCT = YES;
			};
			name = Release;
		};
		EF8EB3EA2E5D50C5004CA696 /* Debug */ = {
			isa = XCBuildConfiguration;
			buildSettings = {
				ASSETCATALOG_COMPILER_APPICON_NAME = AppIcon;
				ASSETCATALOG_COMPILER_GLOBAL_ACCENT_COLOR_NAME = AccentColor;
				CODE_SIGN_STYLE = Automatic;
				CURRENT_PROJECT_VERSION = 1;
				DEVELOPMENT_TEAM = 3Z4LC5K3VP;
				ENABLE_PREVIEWS = YES;
				GENERATE_INFOPLIST_FILE = YES;
				INFOPLIST_KEY_UIApplicationSceneManifest_Generation = YES;
				INFOPLIST_KEY_UIApplicationSupportsIndirectInputEvents = YES;
				INFOPLIST_KEY_UILaunchScreen_Generation = YES;
				INFOPLIST_KEY_UISupportedInterfaceOrientations_iPad = "UIInterfaceOrientationPortrait UIInterfaceOrientationPortraitUpsideDown UIInterfaceOrientationLandscapeLeft UIInterfaceOrientationLandscapeRight";
				INFOPLIST_KEY_UISupportedInterfaceOrientations_iPhone = "UIInterfaceOrientationPortrait UIInterfaceOrientationLandscapeLeft UIInterfaceOrientationLandscapeRight";
				LD_RUNPATH_SEARCH_PATHS = (
					"$(inherited)",
					"@executable_path/Frameworks",
				);
				MARKETING_VERSION = 1.0;
				PRODUCT_BUNDLE_IDENTIFIER = com.example.app.Ithacround;
				PRODUCT_NAME = "$(TARGET_NAME)";
				SWIFT_EMIT_LOC_STRINGS = YES;
				SWIFT_VERSION = 5.0;
				TARGETED_DEVICE_FAMILY = "1,2";
			};
			name = Debug;
		};
		EF8EB3EB2E5D50C5004CA696 /* Release */ = {
			isa = XCBuildConfiguration;
			buildSettings = {
				ASSETCATALOG_COMPILER_APPICON_NAME = AppIcon;
				ASSETCATALOG_COMPILER_GLOBAL_ACCENT_COLOR_NAME = AccentColor;
				CODE_SIGN_STYLE = Automatic;
				CURRENT_PROJECT_VERSION = 1;
				DEVELOPMENT_TEAM = 3Z4LC5K3VP;
				ENABLE_PREVIEWS = YES;
				GENERATE_INFOPLIST_FILE = YES;
				INFOPLIST_KEY_UIApplicationSceneManifest_Generation = YES;
				INFOPLIST_KEY_UIApplicationSupportsIndirectInputEvents = YES;
				INFOPLIST_KEY_UILaunchScreen_Generation = YES;
				INFOPLIST_KEY_UISupportedInterfaceOrientations_iPad = "UIInterfaceOrientationPortrait UIInterfaceOrientationPortraitUpsideDown UIInterfaceOrientationLandscapeLeft UIInterfaceOrientationLandscapeRight";
				INFOPLIST_KEY_UISupportedInterfaceOrientations_iPhone = "UIInterfaceOrientationPortrait UIInterfaceOrientationLandscapeLeft UIInterfaceOrientationLandscapeRight";
				LD_RUNPATH_SEARCH_PATHS = (
					"$(inherited)",
					"@executable_path/Frameworks",
				);
				MARKETING_VERSION = 1.0;
				PRODUCT_BUNDLE_IDENTIFIER = com.example.app.Ithacround;
				PRODUCT_NAME = "$(TARGET_NAME)";
				SWIFT_EMIT_LOC_STRINGS = YES;
				SWIFT_VERSION = 5.0;
				TARGETED_DEVICE_FAMILY = "1,2";
			};
			name = Release;
		};
		EF8EB3ED2E5D50C5004CA696 /* Debug */ = {
			isa = XCBuildConfiguration;
			buildSettings = {
				BUNDLE_LOADER = "$(TEST_HOST)";
				CODE_SIGN_STYLE = Automatic;
				CURRENT_PROJECT_VERSION = 1;
				DEVELOPMENT_TEAM = 3Z4LC5K3VP;
				GENERATE_INFOPLIST_FILE = YES;
				IPHONEOS_DEPLOYMENT_TARGET = 18.5;
				MARKETING_VERSION = 1.0;
				PRODUCT_BUNDLE_IDENTIFIER = com.example.app.IthacroundTests;
				PRODUCT_NAME = "$(TARGET_NAME)";
				SWIFT_EMIT_LOC_STRINGS = NO;
				SWIFT_VERSION = 5.0;
				TARGETED_DEVICE_FAMILY = "1,2";
				TEST_HOST = "$(BUILT_PRODUCTS_DIR)/Ithacround.app/$(BUNDLE_EXECUTABLE_FOLDER_PATH)/Ithacround";
			};
			name = Debug;
		};
		EF8EB3EE2E5D50C5004CA696 /* Release */ = {
			isa = XCBuildConfiguration;
			buildSettings = {
				BUNDLE_LOADER = "$(TEST_HOST)";
				CODE_SIGN_STYLE = Automatic;
				CURRENT_PROJECT_VERSION = 1;
				DEVELOPMENT_TEAM = 3Z4LC5K3VP;
				GENERATE_INFOPLIST_FILE = YES;
				IPHONEOS_DEPLOYMENT_TARGET = 18.5;
				MARKETING_VERSION = 1.0;
				PRODUCT_BUNDLE_IDENTIFIER = com.example.app.IthacroundTests;
				PRODUCT_NAME = "$(TARGET_NAME)";
				SWIFT_EMIT_LOC_STRINGS = NO;
				SWIFT_VERSION = 5.0;
				TARGETED_DEVICE_FAMILY = "1,2";
				TEST_HOST = "$(BUILT_PRODUCTS_DIR)/Ithacround.app/$(BUNDLE_EXECUTABLE_FOLDER_PATH)/Ithacround";
			};
			name = Release;
		};
		EF8EB3F02E5D50C5004CA696 /* Debug */ = {
			isa = XCBuildConfiguration;
			buildSettings = {
				CODE_SIGN_STYLE = Automatic;
				CURRENT_PROJECT_VERSION = 1;
				DEVELOPMENT_TEAM = 3Z4LC5K3VP;
				GENERATE_INFOPLIST_FILE = YES;
				MARKETING_VERSION = 1.0;
				PRODUCT_BUNDLE_IDENTIFIER = com.example.app.IthacroundUITests;
				PRODUCT_NAME = "$(TARGET_NAME)";
				SWIFT_EMIT_LOC_STRINGS = NO;
				SWIFT_VERSION = 5.0;
				TARGETED_DEVICE_FAMILY = "1,2";
				TEST_TARGET_NAME = Ithacround;
			};
			name = Debug;
		};
		EF8EB3F12E5D50C5004CA696 /* Release */ = {
			isa = XCBuildConfiguration;
			buildSettings = {
				CODE_SIGN_STYLE = Automatic;
				CURRENT_PROJECT_VERSION = 1;
				DEVELOPMENT_TEAM = 3Z4LC5K3VP;
				GENERATE_INFOPLIST_FILE = YES;
				MARKETING_VERSION = 1.0;
				PRODUCT_BUNDLE_IDENTIFIER = com.example.app.IthacroundUITests;
				PRODUCT_NAME = "$(TARGET_NAME)";
				SWIFT_EMIT_LOC_STRINGS = NO;
				SWIFT_VERSION = 5.0;
				TARGETED_DEVICE_FAMILY = "1,2";
				TEST_TARGET_NAME = Ithacround;
			};
			name = Release;
		};
/* End XCBuildConfiguration section */

/* Begin XCConfigurationList section */
		EF8EB3C32E5D50C3004CA696 /* Build configuration list for PBXProject "Ithacround" */ = {
			isa = XCConfigurationList;
			buildConfigurations = (
				EF8EB3E72E5D50C5004CA696 /* Debug */,
				EF8EB3E82E5D50C5004CA696 /* Release */,
			);
			defaultConfigurationIsVisible = 0;
			defaultConfigurationName = Release;
		};
		EF8EB3E92E5D50C5004CA696 /* Build configuration list for PBXNativeTarget "Ithacround" */ = {
			isa = XCConfigurationList;
			buildConfigurations = (
				EF8EB3EA2E5D50C5004CA696 /* Debug */,
				EF8EB3EB2E5D50C5004CA696 /* Release */,
			);
			defaultConfigurationIsVisible = 0;
			defaultConfigurationName = Release;
		};
		EF8EB3EC2E5D50C5004CA696 /* Build configuration list for PBXNativeTarget "IthacroundTests" */ = {
			isa = XCConfigurationList;
			buildConfigurations = (
				EF8EB3ED2E5D50C5004CA696 /* Debug */,
				EF8EB3EE2E5D50C5004CA696 /* Release */,
			);
			defaultConfigurationIsVisible = 0;
			defaultConfigurationName = Release;
		};
		EF8EB3EF2E5D50C5004CA696 /* Build configuration list for PBXNativeTarget "IthacroundUITests" */ = {
			isa = XCConfigurationList;
			buildConfigurations = (
				EF8EB3F02E5D50C5004CA696 /* Debug */,
				EF8EB3F12E5D50C5004CA696 /* Release */,
			);
			defaultConfigurationIsVisible = 0;
			defaultConfigurationName = Release;
		};
/* End XCConfigurationList section */
	};
	rootObject = EF8EB3C02E5D50C3004CA696 /* Project object */;
}
